// !$*UTF8*$!
{
	archiveVersion = 1;
	classes = {
	};
	objectVersion = 50;
	objects = {

/* Begin PBXBuildFile section */
		B91310BA26257EF000664D02 /* FooterView.swift in Sources */ = {isa = PBXBuildFile; fileRef = B91310B826257EF000664D02 /* FooterView.swift */; };
		B91310BB26257EF000664D02 /* FooterView.xib in Resources */ = {isa = PBXBuildFile; fileRef = B91310B926257EF000664D02 /* FooterView.xib */; };
		B94D99D42622E4B600E0BF81 /* NetworkService.swift in Sources */ = {isa = PBXBuildFile; fileRef = B94D99D32622E4B600E0BF81 /* NetworkService.swift */; };
		B94D99D72622E53500E0BF81 /* NetworkRequest.swift in Sources */ = {isa = PBXBuildFile; fileRef = B94D99D62622E53500E0BF81 /* NetworkRequest.swift */; };
		B94D99E32622E7F600E0BF81 /* ImageEndPoint.swift in Sources */ = {isa = PBXBuildFile; fileRef = B94D99E22622E7F600E0BF81 /* ImageEndPoint.swift */; };
		B95DD45A26203B8F00B19C6F /* AppDelegate.swift in Sources */ = {isa = PBXBuildFile; fileRef = B95DD45926203B8F00B19C6F /* AppDelegate.swift */; };
		B95DD45E26203B8F00B19C6F /* MainViewController.swift in Sources */ = {isa = PBXBuildFile; fileRef = B95DD45D26203B8F00B19C6F /* MainViewController.swift */; };
		B95DD46126203B8F00B19C6F /* Main.storyboard in Resources */ = {isa = PBXBuildFile; fileRef = B95DD45F26203B8F00B19C6F /* Main.storyboard */; };
		B95DD46326203B9000B19C6F /* Assets.xcassets in Resources */ = {isa = PBXBuildFile; fileRef = B95DD46226203B9000B19C6F /* Assets.xcassets */; };
		B95DD46626203B9000B19C6F /* LaunchScreen.storyboard in Resources */ = {isa = PBXBuildFile; fileRef = B95DD46426203B9000B19C6F /* LaunchScreen.storyboard */; };
		B9926D1C2624872700BA66F8 /* DIContainer.swift in Sources */ = {isa = PBXBuildFile; fileRef = B9926D1B2624872700BA66F8 /* DIContainer.swift */; };
		B99E88C226241AC500974A55 /* ImageThumbnailViewCell.swift in Sources */ = {isa = PBXBuildFile; fileRef = B99E88C026241AC500974A55 /* ImageThumbnailViewCell.swift */; };
		B99E88C326241AC500974A55 /* ImageThumbnailViewCell.xib in Resources */ = {isa = PBXBuildFile; fileRef = B99E88C126241AC500974A55 /* ImageThumbnailViewCell.xib */; };
		B99E88C826241E2E00974A55 /* ImageService.swift in Sources */ = {isa = PBXBuildFile; fileRef = B99E88C726241E2E00974A55 /* ImageService.swift */; };
		B9E869242625A0AF0027521B /* FilterViewController.swift in Sources */ = {isa = PBXBuildFile; fileRef = B9E869232625A0AF0027521B /* FilterViewController.swift */; };
		B9E869282625AD260027521B /* CGFloat+flexibleWidth.swift in Sources */ = {isa = PBXBuildFile; fileRef = B9E869272625AD260027521B /* CGFloat+flexibleWidth.swift */; };
/* End PBXBuildFile section */

/* Begin PBXFileReference section */
		B91310B826257EF000664D02 /* FooterView.swift */ = {isa = PBXFileReference; lastKnownFileType = sourcecode.swift; path = FooterView.swift; sourceTree = "<group>"; };
		B91310B926257EF000664D02 /* FooterView.xib */ = {isa = PBXFileReference; lastKnownFileType = file.xib; path = FooterView.xib; sourceTree = "<group>"; };
		B94D99D32622E4B600E0BF81 /* NetworkService.swift */ = {isa = PBXFileReference; lastKnownFileType = sourcecode.swift; path = NetworkService.swift; sourceTree = "<group>"; };
		B94D99D62622E53500E0BF81 /* NetworkRequest.swift */ = {isa = PBXFileReference; lastKnownFileType = sourcecode.swift; path = NetworkRequest.swift; sourceTree = "<group>"; };
		B94D99E22622E7F600E0BF81 /* ImageEndPoint.swift */ = {isa = PBXFileReference; lastKnownFileType = sourcecode.swift; path = ImageEndPoint.swift; sourceTree = "<group>"; };
		B95DD45626203B8F00B19C6F /* ImageSearcher.app */ = {isa = PBXFileReference; explicitFileType = wrapper.application; includeInIndex = 0; path = ImageSearcher.app; sourceTree = BUILT_PRODUCTS_DIR; };
		B95DD45926203B8F00B19C6F /* AppDelegate.swift */ = {isa = PBXFileReference; lastKnownFileType = sourcecode.swift; path = AppDelegate.swift; sourceTree = "<group>"; };
		B95DD45D26203B8F00B19C6F /* MainViewController.swift */ = {isa = PBXFileReference; lastKnownFileType = sourcecode.swift; path = MainViewController.swift; sourceTree = "<group>"; };
		B95DD46026203B8F00B19C6F /* Base */ = {isa = PBXFileReference; lastKnownFileType = file.storyboard; name = Base; path = Base.lproj/Main.storyboard; sourceTree = "<group>"; };
		B95DD46226203B9000B19C6F /* Assets.xcassets */ = {isa = PBXFileReference; lastKnownFileType = folder.assetcatalog; path = Assets.xcassets; sourceTree = "<group>"; };
		B95DD46526203B9000B19C6F /* Base */ = {isa = PBXFileReference; lastKnownFileType = file.storyboard; name = Base; path = Base.lproj/LaunchScreen.storyboard; sourceTree = "<group>"; };
		B95DD46726203B9000B19C6F /* Info.plist */ = {isa = PBXFileReference; lastKnownFileType = text.plist.xml; path = Info.plist; sourceTree = "<group>"; };
		B9926D1B2624872700BA66F8 /* DIContainer.swift */ = {isa = PBXFileReference; lastKnownFileType = sourcecode.swift; path = DIContainer.swift; sourceTree = "<group>"; };
		B99E88C026241AC500974A55 /* ImageThumbnailViewCell.swift */ = {isa = PBXFileReference; lastKnownFileType = sourcecode.swift; path = ImageThumbnailViewCell.swift; sourceTree = "<group>"; };
		B99E88C126241AC500974A55 /* ImageThumbnailViewCell.xib */ = {isa = PBXFileReference; lastKnownFileType = file.xib; path = ImageThumbnailViewCell.xib; sourceTree = "<group>"; };
		B99E88C726241E2E00974A55 /* ImageService.swift */ = {isa = PBXFileReference; lastKnownFileType = sourcecode.swift; path = ImageService.swift; sourceTree = "<group>"; };
		B9E869232625A0AF0027521B /* FilterViewController.swift */ = {isa = PBXFileReference; lastKnownFileType = sourcecode.swift; path = FilterViewController.swift; sourceTree = "<group>"; };
		B9E869272625AD260027521B /* CGFloat+flexibleWidth.swift */ = {isa = PBXFileReference; lastKnownFileType = sourcecode.swift; path = "CGFloat+flexibleWidth.swift"; sourceTree = "<group>"; };
/* End PBXFileReference section */

/* Begin PBXFrameworksBuildPhase section */
		B95DD45326203B8F00B19C6F /* Frameworks */ = {
			isa = PBXFrameworksBuildPhase;
			buildActionMask = 2147483647;
			files = (
			);
			runOnlyForDeploymentPostprocessing = 0;
		};
/* End PBXFrameworksBuildPhase section */

/* Begin PBXGroup section */
		B94D99E02622E7E700E0BF81 /* Models */ = {
			isa = PBXGroup;
			children = (
				B94D99E22622E7F600E0BF81 /* ImageEndPoint.swift */,
			);
			path = Models;
			sourceTree = "<group>";
		};
		B95DD44D26203B8F00B19C6F = {
			isa = PBXGroup;
			children = (
				B95DD45826203B8F00B19C6F /* ImageSearcher */,
				B95DD45726203B8F00B19C6F /* Products */,
			);
			sourceTree = "<group>";
		};
		B95DD45726203B8F00B19C6F /* Products */ = {
			isa = PBXGroup;
			children = (
				B95DD45626203B8F00B19C6F /* ImageSearcher.app */,
			);
			name = Products;
			sourceTree = "<group>";
		};
		B95DD45826203B8F00B19C6F /* ImageSearcher */ = {
			isa = PBXGroup;
			children = (
				B9E869262625AD160027521B /* Extension */,
				B94D99E02622E7E700E0BF81 /* Models */,
				B95DD473262098F100B19C6F /* StoryBoards */,
				B99E88B32624128400974A55 /* Views */,
				B95DD471262098BA00B19C6F /* ViewControllers */,
				B95DD4742620993E00B19C6F /* Utilities */,
				B95DD472262098DF00B19C6F /* Resources */,
				B95DD4702620988200B19C6F /* System */,
			);
			path = ImageSearcher;
			sourceTree = "<group>";
		};
		B95DD4702620988200B19C6F /* System */ = {
			isa = PBXGroup;
			children = (
				B95DD45926203B8F00B19C6F /* AppDelegate.swift */,
			);
			path = System;
			sourceTree = "<group>";
		};
		B95DD471262098BA00B19C6F /* ViewControllers */ = {
			isa = PBXGroup;
			children = (
				B95DD45D26203B8F00B19C6F /* MainViewController.swift */,
				B9E869232625A0AF0027521B /* FilterViewController.swift */,
			);
			path = ViewControllers;
			sourceTree = "<group>";
		};
		B95DD472262098DF00B19C6F /* Resources */ = {
			isa = PBXGroup;
			children = (
				B95DD46726203B9000B19C6F /* Info.plist */,
				B95DD46226203B9000B19C6F /* Assets.xcassets */,
			);
			path = Resources;
			sourceTree = "<group>";
		};
		B95DD473262098F100B19C6F /* StoryBoards */ = {
			isa = PBXGroup;
			children = (
				B95DD45F26203B8F00B19C6F /* Main.storyboard */,
				B95DD46426203B9000B19C6F /* LaunchScreen.storyboard */,
			);
			path = StoryBoards;
			sourceTree = "<group>";
		};
		B95DD4742620993E00B19C6F /* Utilities */ = {
			isa = PBXGroup;
			children = (
				B99E88C726241E2E00974A55 /* ImageService.swift */,
				B94D99D32622E4B600E0BF81 /* NetworkService.swift */,
				B94D99D62622E53500E0BF81 /* NetworkRequest.swift */,
				B9926D1B2624872700BA66F8 /* DIContainer.swift */,
			);
			path = Utilities;
			sourceTree = "<group>";
		};
		B99E88B32624128400974A55 /* Views */ = {
			isa = PBXGroup;
			children = (
				B99E88C026241AC500974A55 /* ImageThumbnailViewCell.swift */,
				B99E88C126241AC500974A55 /* ImageThumbnailViewCell.xib */,
				B91310B826257EF000664D02 /* FooterView.swift */,
				B91310B926257EF000664D02 /* FooterView.xib */,
			);
			path = Views;
			sourceTree = "<group>";
		};
		B9E869262625AD160027521B /* Extension */ = {
			isa = PBXGroup;
			children = (
				B9E869272625AD260027521B /* CGFloat+flexibleWidth.swift */,
			);
			path = Extension;
			sourceTree = "<group>";
		};
/* End PBXGroup section */

/* Begin PBXNativeTarget section */
		B95DD45526203B8F00B19C6F /* ImageSearcher */ = {
			isa = PBXNativeTarget;
			buildConfigurationList = B95DD46A26203B9000B19C6F /* Build configuration list for PBXNativeTarget "ImageSearcher" */;
			buildPhases = (
				B95DD45226203B8F00B19C6F /* Sources */,
				B95DD45326203B8F00B19C6F /* Frameworks */,
				B95DD45426203B8F00B19C6F /* Resources */,
			);
			buildRules = (
			);
			dependencies = (
			);
			name = ImageSearcher;
			productName = ImageSearcher;
			productReference = B95DD45626203B8F00B19C6F /* ImageSearcher.app */;
			productType = "com.apple.product-type.application";
		};
/* End PBXNativeTarget section */

/* Begin PBXProject section */
		B95DD44E26203B8F00B19C6F /* Project object */ = {
			isa = PBXProject;
			attributes = {
				LastSwiftUpdateCheck = 1240;
				LastUpgradeCheck = 1240;
				TargetAttributes = {
					B95DD45526203B8F00B19C6F = {
						CreatedOnToolsVersion = 12.4;
					};
				};
			};
			buildConfigurationList = B95DD45126203B8F00B19C6F /* Build configuration list for PBXProject "ImageSearcher" */;
			compatibilityVersion = "Xcode 9.3";
			developmentRegion = en;
			hasScannedForEncodings = 0;
			knownRegions = (
				en,
				Base,
			);
			mainGroup = B95DD44D26203B8F00B19C6F;
			productRefGroup = B95DD45726203B8F00B19C6F /* Products */;
			projectDirPath = "";
			projectRoot = "";
			targets = (
				B95DD45526203B8F00B19C6F /* ImageSearcher */,
			);
		};
/* End PBXProject section */

/* Begin PBXResourcesBuildPhase section */
		B95DD45426203B8F00B19C6F /* Resources */ = {
			isa = PBXResourcesBuildPhase;
			buildActionMask = 2147483647;
			files = (
				B95DD46626203B9000B19C6F /* LaunchScreen.storyboard in Resources */,
				B99E88C326241AC500974A55 /* ImageThumbnailViewCell.xib in Resources */,
				B95DD46326203B9000B19C6F /* Assets.xcassets in Resources */,
				B91310BB26257EF000664D02 /* FooterView.xib in Resources */,
				B95DD46126203B8F00B19C6F /* Main.storyboard in Resources */,
			);
			runOnlyForDeploymentPostprocessing = 0;
		};
/* End PBXResourcesBuildPhase section */

/* Begin PBXSourcesBuildPhase section */
		B95DD45226203B8F00B19C6F /* Sources */ = {
			isa = PBXSourcesBuildPhase;
			buildActionMask = 2147483647;
			files = (
				B95DD45E26203B8F00B19C6F /* MainViewController.swift in Sources */,
				B94D99D42622E4B600E0BF81 /* NetworkService.swift in Sources */,
				B94D99D72622E53500E0BF81 /* NetworkRequest.swift in Sources */,
				B91310BA26257EF000664D02 /* FooterView.swift in Sources */,
				B9E869282625AD260027521B /* CGFloat+flexibleWidth.swift in Sources */,
				B9E869242625A0AF0027521B /* FilterViewController.swift in Sources */,
				B95DD45A26203B8F00B19C6F /* AppDelegate.swift in Sources */,
				B9926D1C2624872700BA66F8 /* DIContainer.swift in Sources */,
				B94D99E32622E7F600E0BF81 /* ImageEndPoint.swift in Sources */,
				B99E88C226241AC500974A55 /* ImageThumbnailViewCell.swift in Sources */,
				B99E88C826241E2E00974A55 /* ImageService.swift in Sources */,
			);
			runOnlyForDeploymentPostprocessing = 0;
		};
/* End PBXSourcesBuildPhase section */

/* Begin PBXVariantGroup section */
		B95DD45F26203B8F00B19C6F /* Main.storyboard */ = {
			isa = PBXVariantGroup;
			children = (
				B95DD46026203B8F00B19C6F /* Base */,
			);
			name = Main.storyboard;
			sourceTree = "<group>";
		};
		B95DD46426203B9000B19C6F /* LaunchScreen.storyboard */ = {
			isa = PBXVariantGroup;
			children = (
				B95DD46526203B9000B19C6F /* Base */,
			);
			name = LaunchScreen.storyboard;
			sourceTree = "<group>";
		};
/* End PBXVariantGroup section */

/* Begin XCBuildConfiguration section */
		B95DD46826203B9000B19C6F /* Debug */ = {
			isa = XCBuildConfiguration;
			buildSettings = {
				ALWAYS_SEARCH_USER_PATHS = NO;
				CLANG_ANALYZER_NONNULL = YES;
				CLANG_ANALYZER_NUMBER_OBJECT_CONVERSION = YES_AGGRESSIVE;
				CLANG_CXX_LANGUAGE_STANDARD = "gnu++14";
				CLANG_CXX_LIBRARY = "libc++";
				CLANG_ENABLE_MODULES = YES;
				CLANG_ENABLE_OBJC_ARC = YES;
				CLANG_ENABLE_OBJC_WEAK = YES;
				CLANG_WARN_BLOCK_CAPTURE_AUTORELEASING = YES;
				CLANG_WARN_BOOL_CONVERSION = YES;
				CLANG_WARN_COMMA = YES;
				CLANG_WARN_CONSTANT_CONVERSION = YES;
				CLANG_WARN_DEPRECATED_OBJC_IMPLEMENTATIONS = YES;
				CLANG_WARN_DIRECT_OBJC_ISA_USAGE = YES_ERROR;
				CLANG_WARN_DOCUMENTATION_COMMENTS = YES;
				CLANG_WARN_EMPTY_BODY = YES;
				CLANG_WARN_ENUM_CONVERSION = YES;
				CLANG_WARN_INFINITE_RECURSION = YES;
				CLANG_WARN_INT_CONVERSION = YES;
				CLANG_WARN_NON_LITERAL_NULL_CONVERSION = YES;
				CLANG_WARN_OBJC_IMPLICIT_RETAIN_SELF = YES;
				CLANG_WARN_OBJC_LITERAL_CONVERSION = YES;
				CLANG_WARN_OBJC_ROOT_CLASS = YES_ERROR;
				CLANG_WARN_QUOTED_INCLUDE_IN_FRAMEWORK_HEADER = YES;
				CLANG_WARN_RANGE_LOOP_ANALYSIS = YES;
				CLANG_WARN_STRICT_PROTOTYPES = YES;
				CLANG_WARN_SUSPICIOUS_MOVE = YES;
				CLANG_WARN_UNGUARDED_AVAILABILITY = YES_AGGRESSIVE;
				CLANG_WARN_UNREACHABLE_CODE = YES;
				CLANG_WARN__DUPLICATE_METHOD_MATCH = YES;
				COPY_PHASE_STRIP = NO;
				DEBUG_INFORMATION_FORMAT = dwarf;
				ENABLE_STRICT_OBJC_MSGSEND = YES;
				ENABLE_TESTABILITY = YES;
				GCC_C_LANGUAGE_STANDARD = gnu11;
				GCC_DYNAMIC_NO_PIC = NO;
				GCC_NO_COMMON_BLOCKS = YES;
				GCC_OPTIMIZATION_LEVEL = 0;
				GCC_PREPROCESSOR_DEFINITIONS = (
					"DEBUG=1",
					"$(inherited)",
				);
				GCC_WARN_64_TO_32_BIT_CONVERSION = YES;
				GCC_WARN_ABOUT_RETURN_TYPE = YES_ERROR;
				GCC_WARN_UNDECLARED_SELECTOR = YES;
				GCC_WARN_UNINITIALIZED_AUTOS = YES_AGGRESSIVE;
				GCC_WARN_UNUSED_FUNCTION = YES;
				GCC_WARN_UNUSED_VARIABLE = YES;
				IPHONEOS_DEPLOYMENT_TARGET = 12.0;
				MTL_ENABLE_DEBUG_INFO = INCLUDE_SOURCE;
				MTL_FAST_MATH = YES;
				ONLY_ACTIVE_ARCH = YES;
				SDKROOT = iphoneos;
				SWIFT_ACTIVE_COMPILATION_CONDITIONS = DEBUG;
				SWIFT_OPTIMIZATION_LEVEL = "-Onone";
			};
			name = Debug;
		};
		B95DD46926203B9000B19C6F /* Release */ = {
			isa = XCBuildConfiguration;
			buildSettings = {
				ALWAYS_SEARCH_USER_PATHS = NO;
				CLANG_ANALYZER_NONNULL = YES;
				CLANG_ANALYZER_NUMBER_OBJECT_CONVERSION = YES_AGGRESSIVE;
				CLANG_CXX_LANGUAGE_STANDARD = "gnu++14";
				CLANG_CXX_LIBRARY = "libc++";
				CLANG_ENABLE_MODULES = YES;
				CLANG_ENABLE_OBJC_ARC = YES;
				CLANG_ENABLE_OBJC_WEAK = YES;
				CLANG_WARN_BLOCK_CAPTURE_AUTORELEASING = YES;
				CLANG_WARN_BOOL_CONVERSION = YES;
				CLANG_WARN_COMMA = YES;
				CLANG_WARN_CONSTANT_CONVERSION = YES;
				CLANG_WARN_DEPRECATED_OBJC_IMPLEMENTATIONS = YES;
				CLANG_WARN_DIRECT_OBJC_ISA_USAGE = YES_ERROR;
				CLANG_WARN_DOCUMENTATION_COMMENTS = YES;
				CLANG_WARN_EMPTY_BODY = YES;
				CLANG_WARN_ENUM_CONVERSION = YES;
				CLANG_WARN_INFINITE_RECURSION = YES;
				CLANG_WARN_INT_CONVERSION = YES;
				CLANG_WARN_NON_LITERAL_NULL_CONVERSION = YES;
				CLANG_WARN_OBJC_IMPLICIT_RETAIN_SELF = YES;
				CLANG_WARN_OBJC_LITERAL_CONVERSION = YES;
				CLANG_WARN_OBJC_ROOT_CLASS = YES_ERROR;
				CLANG_WARN_QUOTED_INCLUDE_IN_FRAMEWORK_HEADER = YES;
				CLANG_WARN_RANGE_LOOP_ANALYSIS = YES;
				CLANG_WARN_STRICT_PROTOTYPES = YES;
				CLANG_WARN_SUSPICIOUS_MOVE = YES;
				CLANG_WARN_UNGUARDED_AVAILABILITY = YES_AGGRESSIVE;
				CLANG_WARN_UNREACHABLE_CODE = YES;
				CLANG_WARN__DUPLICATE_METHOD_MATCH = YES;
				COPY_PHASE_STRIP = NO;
				DEBUG_INFORMATION_FORMAT = "dwarf-with-dsym";
				ENABLE_NS_ASSERTIONS = NO;
				ENABLE_STRICT_OBJC_MSGSEND = YES;
				GCC_C_LANGUAGE_STANDARD = gnu11;
				GCC_NO_COMMON_BLOCKS = YES;
				GCC_WARN_64_TO_32_BIT_CONVERSION = YES;
				GCC_WARN_ABOUT_RETURN_TYPE = YES_ERROR;
				GCC_WARN_UNDECLARED_SELECTOR = YES;
				GCC_WARN_UNINITIALIZED_AUTOS = YES_AGGRESSIVE;
				GCC_WARN_UNUSED_FUNCTION = YES;
				GCC_WARN_UNUSED_VARIABLE = YES;
				IPHONEOS_DEPLOYMENT_TARGET = 12.0;
				MTL_ENABLE_DEBUG_INFO = NO;
				MTL_FAST_MATH = YES;
				SDKROOT = iphoneos;
				SWIFT_COMPILATION_MODE = wholemodule;
				SWIFT_OPTIMIZATION_LEVEL = "-O";
				VALIDATE_PRODUCT = YES;
			};
			name = Release;
		};
		B95DD46B26203B9000B19C6F /* Debug */ = {
			isa = XCBuildConfiguration;
			buildSettings = {
				ASSETCATALOG_COMPILER_APPICON_NAME = AppIcon;
				ASSETCATALOG_COMPILER_GLOBAL_ACCENT_COLOR_NAME = AccentColor;
				CODE_SIGN_STYLE = Automatic;
				DEVELOPMENT_TEAM = V37X2D6JM3;
				INFOPLIST_FILE = ImageSearcher/Resources/Info.plist;
				LD_RUNPATH_SEARCH_PATHS = (
					"$(inherited)",
					"@executable_path/Frameworks",
				);
				PRODUCT_BUNDLE_IDENTIFIER = kr.dochoi.ImageSearcher;
				PRODUCT_NAME = "$(TARGET_NAME)";
				SWIFT_VERSION = 5.0;
				TARGETED_DEVICE_FAMILY = "1,2";
			};
			name = Debug;
		};
		B95DD46C26203B9000B19C6F /* Release */ = {
			isa = XCBuildConfiguration;
			buildSettings = {
				ASSETCATALOG_COMPILER_APPICON_NAME = AppIcon;
				ASSETCATALOG_COMPILER_GLOBAL_ACCENT_COLOR_NAME = AccentColor;
				CODE_SIGN_STYLE = Automatic;
				DEVELOPMENT_TEAM = V37X2D6JM3;
				INFOPLIST_FILE = ImageSearcher/Resources/Info.plist;
				LD_RUNPATH_SEARCH_PATHS = (
					"$(inherited)",
					"@executable_path/Frameworks",
				);
				PRODUCT_BUNDLE_IDENTIFIER = kr.dochoi.ImageSearcher;
				PRODUCT_NAME = "$(TARGET_NAME)";
				SWIFT_VERSION = 5.0;
				TARGETED_DEVICE_FAMILY = "1,2";
			};
			name = Release;
		};
/* End XCBuildConfiguration section */

/* Begin XCConfigurationList section */
		B95DD45126203B8F00B19C6F /* Build configuration list for PBXProject "ImageSearcher" */ = {
			isa = XCConfigurationList;
			buildConfigurations = (
				B95DD46826203B9000B19C6F /* Debug */,
				B95DD46926203B9000B19C6F /* Release */,
			);
			defaultConfigurationIsVisible = 0;
			defaultConfigurationName = Release;
		};
		B95DD46A26203B9000B19C6F /* Build configuration list for PBXNativeTarget "ImageSearcher" */ = {
			isa = XCConfigurationList;
			buildConfigurations = (
				B95DD46B26203B9000B19C6F /* Debug */,
				B95DD46C26203B9000B19C6F /* Release */,
			);
			defaultConfigurationIsVisible = 0;
			defaultConfigurationName = Release;
		};
/* End XCConfigurationList section */
	};
	rootObject = B95DD44E26203B8F00B19C6F /* Project object */;
}
